{
  "name": "vscode-org-mode",
  "displayName": "Org Mode",
  "description": "Org mode support for VS Code",
  "version": "0.1.0",
  "engines": {
    "vscode": "^1.80.0"
  },
  "categories": [
    "Programming Languages",
    "Keymaps"
  ],
  "activationEvents": [
    "onLanguage:org"
  ],
  "main": "./out/extension.js",
  "browser": "./out/extension.js",
  "galleryBanner": {
    "color": "#C80000",
    "theme": "dark"
  },
  "icon": "images/org-logo.png",
  "contributes": {
    "languages": [
      {
        "id": "org",
        "aliases": ["Org", "org-mode"],
        "extensions": [".org"],
        "configuration": "./language-configuration.json"
      }
    ],
    "configuration": {
      "title": "Org Mode",
      "properties": {
        "orgMode.highlightEntireLine": {
          "type": "boolean",
          "default": true,
          "description": "Whether to highlight the entire line with the TODO state color"
        },
        "orgMode.boldEntireLine": {
          "type": "boolean",
          "default": false,
          "description": "Whether to make the entire TODO line bold"
        }
      }
    },
    "colors": [
      {
        "id": "org.todoKeyword",
        "description": "Color for TODO keywords",
        "defaults": {
          "dark": "#FF8C00",
          "light": "#FF8C00",
          "highContrast": "#FF8C00"
        }
      },
      {
        "id": "org.inProgressKeyword",
        "description": "Color for IN-PROGRESS keywords",
        "defaults": {
          "dark": "#FFD700",
          "light": "#FFD700",
          "highContrast": "#FFD700"
        }
      },
      {
        "id": "org.waitingKeyword",
        "description": "Color for WAITING keywords",
        "defaults": {
          "dark": "#ADD8E6",
          "light": "#4682B4",
          "highContrast": "#4682B4"
        }
      },
      {
        "id": "org.doneKeyword",
        "description": "Color for DONE keywords",
        "defaults": {
          "dark": "#32CD32",
          "light": "#32CD32",
          "highContrast": "#32CD32"
        }
      }
    ],
    "grammars": [
      {
        "language": "org",
        "scopeName": "text.org",
        "path": "./syntaxes/org.tmLanguage.json"
      }
    ],
    "semanticTokenScopes": [
      {
        "scopes": {
          "keyword.other.todo.org": ["org.todoKeyword"]
        }
      },
      {
        "scopes": {
          "keyword.other.in-progress.org": ["org.inProgressKeyword"]
        }
      },
      {
        "scopes": {
          "keyword.other.waiting.org": ["org.waitingKeyword"]
        }
      },
      {
        "scopes": {
          "keyword.other.done.org": ["org.doneKeyword"]
        }
      }
    ],
    "commands": [
      {
        "command": "org-mode.toggleTodo",
        "title": "Org: Toggle TODO state"
      },
      {
        "command": "org-mode.toggleCheckbox",
        "title": "Org: Toggle checkbox"
      },
      {
        "command": "org-mode.newItem",
        "title": "Org: Create new item"
      }
    ],
    "keybindings": [
      {
        "command": "org-mode.toggleTodo",
        "key": "alt+t",
        "when": "editorLangId == org"
      },
      {
        "command": "org-mode.toggleCheckbox",
        "key": "alt+c",
        "when": "editorLangId == org"
      },
      {
        "command": "org-mode.newItem",
        "key": "ctrl+enter",
        "when": "editorLangId == org"
      }
    ]
  },
  "scripts": {
    "vscode:prepublish": "npm run compile",
    "compile": "tsc -p ./",
    "watch": "tsc -watch -p ./",
    "pretest": "npm run compile && npm run lint",
    "lint": "eslint src --ext ts",
    "test": "node ./out/test/runTest.js"
  },
  "devDependencies": {
    "@types/vscode": "^1.80.0",
    "@types/node": "^16.11.7",
    "@typescript-eslint/eslint-plugin": "^5.42.0",
    "@typescript-eslint/parser": "^5.42.0",
    "eslint": "^8.26.0",
    "typescript": "^4.8.4"
  }
}